// !$*UTF8*$!
{
	archiveVersion = 1;
	classes = {
	};
	objectVersion = 48;
	objects = {

/* Begin PBXBuildFile section */
		82C3C0EA1FA846A200E64489 /* AppDelegate.swift in Sources */ = {isa = PBXBuildFile; fileRef = 82C3C0E91FA846A200E64489 /* AppDelegate.swift */; };
		82C3C0EC1FA846A200E64489 /* ViewController.swift in Sources */ = {isa = PBXBuildFile; fileRef = 82C3C0EB1FA846A200E64489 /* ViewController.swift */; };
		82C3C0EF1FA846A300E64489 /* Main.storyboard in Resources */ = {isa = PBXBuildFile; fileRef = 82C3C0ED1FA846A300E64489 /* Main.storyboard */; };
		82C3C0F11FA846A300E64489 /* Assets.xcassets in Resources */ = {isa = PBXBuildFile; fileRef = 82C3C0F01FA846A300E64489 /* Assets.xcassets */; };
		82C3C0F41FA846A300E64489 /* LaunchScreen.storyboard in Resources */ = {isa = PBXBuildFile; fileRef = 82C3C0F21FA846A300E64489 /* LaunchScreen.storyboard */; };
		82C3C0FF1FA846A400E64489 /* ezgo1Tests.swift in Sources */ = {isa = PBXBuildFile; fileRef = 82C3C0FE1FA846A400E64489 /* ezgo1Tests.swift */; };
		82C3C10A1FA846A400E64489 /* ezgo1UITests.swift in Sources */ = {isa = PBXBuildFile; fileRef = 82C3C1091FA846A400E64489 /* ezgo1UITests.swift */; };
/* End PBXBuildFile section */

/* Begin PBXContainerItemProxy section */
		82C3C0FB1FA846A400E64489 /* PBXContainerItemProxy */ = {
			isa = PBXContainerItemProxy;
			containerPortal = 82C3C0DE1FA846A100E64489 /* Project object */;
			proxyType = 1;
			remoteGlobalIDString = 82C3C0E51FA846A200E64489;
			remoteInfo = ezgo1;
		};
		82C3C1061FA846A400E64489 /* PBXContainerItemProxy */ = {
			isa = PBXContainerItemProxy;
			containerPortal = 82C3C0DE1FA846A100E64489 /* Project object */;
			proxyType = 1;
			remoteGlobalIDString = 82C3C0E51FA846A200E64489;
			remoteInfo = ezgo1;
		};
/* End PBXContainerItemProxy section */

/* Begin PBXFileReference section */
		82C3C0E61FA846A200E64489 /* ezgo1.app */ = {isa = PBXFileReference; explicitFileType = wrapper.application; includeInIndex = 0; path = ezgo1.app; sourceTree = BUILT_PRODUCTS_DIR; };
		82C3C0E91FA846A200E64489 /* AppDelegate.swift */ = {isa = PBXFileReference; lastKnownFileType = sourcecode.swift; path = AppDelegate.swift; sourceTree = "<group>"; };
		82C3C0EB1FA846A200E64489 /* ViewController.swift */ = {isa = PBXFileReference; lastKnownFileType = sourcecode.swift; path = ViewController.swift; sourceTree = "<group>"; };
		82C3C0EE1FA846A300E64489 /* Base */ = {isa = PBXFileReference; lastKnownFileType = file.storyboard; name = Base; path = Base.lproj/Main.storyboard; sourceTree = "<group>"; };
		82C3C0F01FA846A300E64489 /* Assets.xcassets */ = {isa = PBXFileReference; lastKnownFileType = folder.assetcatalog; path = Assets.xcassets; sourceTree = "<group>"; };
		82C3C0F31FA846A300E64489 /* Base */ = {isa = PBXFileReference; lastKnownFileType = file.storyboard; name = Base; path = Base.lproj/LaunchScreen.storyboard; sourceTree = "<group>"; };
		82C3C0F51FA846A300E64489 /* Info.plist */ = {isa = PBXFileReference; lastKnownFileType = text.plist.xml; path = Info.plist; sourceTree = "<group>"; };
		82C3C0FA1FA846A400E64489 /* ezgo1Tests.xctest */ = {isa = PBXFileReference; explicitFileType = wrapper.cfbundle; includeInIndex = 0; path = ezgo1Tests.xctest; sourceTree = BUILT_PRODUCTS_DIR; };
		82C3C0FE1FA846A400E64489 /* ezgo1Tests.swift */ = {isa = PBXFileReference; lastKnownFileType = sourcecode.swift; path = ezgo1Tests.swift; sourceTree = "<group>"; };
		82C3C1001FA846A400E64489 /* Info.plist */ = {isa = PBXFileReference; lastKnownFileType = text.plist.xml; path = Info.plist; sourceTree = "<group>"; };
		82C3C1051FA846A400E64489 /* ezgo1UITests.xctest */ = {isa = PBXFileReference; explicitFileType = wrapper.cfbundle; includeInIndex = 0; path = ezgo1UITests.xctest; sourceTree = BUILT_PRODUCTS_DIR; };
		82C3C1091FA846A400E64489 /* ezgo1UITests.swift */ = {isa = PBXFileReference; lastKnownFileType = sourcecode.swift; path = ezgo1UITests.swift; sourceTree = "<group>"; };
		82C3C10B1FA846A400E64489 /* Info.plist */ = {isa = PBXFileReference; lastKnownFileType = text.plist.xml; path = Info.plist; sourceTree = "<group>"; };
/* End PBXFileReference section */

/* Begin PBXFrameworksBuildPhase section */
		82C3C0E31FA846A200E64489 /* Frameworks */ = {
			isa = PBXFrameworksBuildPhase;
			buildActionMask = 2147483647;
			files = (
			);
			runOnlyForDeploymentPostprocessing = 0;
		};
		82C3C0F71FA846A400E64489 /* Frameworks */ = {
			isa = PBXFrameworksBuildPhase;
			buildActionMask = 2147483647;
			files = (
			);
			runOnlyForDeploymentPostprocessing = 0;
		};
		82C3C1021FA846A400E64489 /* Frameworks */ = {
			isa = PBXFrameworksBuildPhase;
			buildActionMask = 2147483647;
			files = (
			);
			runOnlyForDeploymentPostprocessing = 0;
		};
/* End PBXFrameworksBuildPhase section */

/* Begin PBXGroup section */
		82C3C0DD1FA846A100E64489 = {
			isa = PBXGroup;
			children = (
				82C3C0E81FA846A200E64489 /* ezgo1 */,
				82C3C0FD1FA846A400E64489 /* ezgo1Tests */,
				82C3C1081FA846A400E64489 /* ezgo1UITests */,
				82C3C0E71FA846A200E64489 /* Products */,
			);
			sourceTree = "<group>";
		};
		82C3C0E71FA846A200E64489 /* Products */ = {
			isa = PBXGroup;
			children = (
				82C3C0E61FA846A200E64489 /* ezgo1.app */,
				82C3C0FA1FA846A400E64489 /* ezgo1Tests.xctest */,
				82C3C1051FA846A400E64489 /* ezgo1UITests.xctest */,
			);
			name = Products;
			sourceTree = "<group>";
		};
		82C3C0E81FA846A200E64489 /* ezgo1 */ = {
			isa = PBXGroup;
			children = (
				82C3C0E91FA846A200E64489 /* AppDelegate.swift */,
				82C3C0EB1FA846A200E64489 /* ViewController.swift */,
				82C3C0ED1FA846A300E64489 /* Main.storyboard */,
				82C3C0F01FA846A300E64489 /* Assets.xcassets */,
				82C3C0F21FA846A300E64489 /* LaunchScreen.storyboard */,
				82C3C0F51FA846A300E64489 /* Info.plist */,
			);
			path = ezgo1;
			sourceTree = "<group>";
		};
		82C3C0FD1FA846A400E64489 /* ezgo1Tests */ = {
			isa = PBXGroup;
			children = (
				82C3C0FE1FA846A400E64489 /* ezgo1Tests.swift */,
				82C3C1001FA846A400E64489 /* Info.plist */,
			);
			path = ezgo1Tests;
			sourceTree = "<group>";
		};
		82C3C1081FA846A400E64489 /* ezgo1UITests */ = {
			isa = PBXGroup;
			children = (
				82C3C1091FA846A400E64489 /* ezgo1UITests.swift */,
				82C3C10B1FA846A400E64489 /* Info.plist */,
			);
			path = ezgo1UITests;
			sourceTree = "<group>";
		};
/* End PBXGroup section */

/* Begin PBXNativeTarget section */
		82C3C0E51FA846A200E64489 /* ezgo1 */ = {
			isa = PBXNativeTarget;
			buildConfigurationList = 82C3C10E1FA846A400E64489 /* Build configuration list for PBXNativeTarget "ezgo1" */;
			buildPhases = (
				82C3C0E21FA846A200E64489 /* Sources */,
				82C3C0E31FA846A200E64489 /* Frameworks */,
				82C3C0E41FA846A200E64489 /* Resources */,
			);
			buildRules = (
			);
			dependencies = (
			);
			name = ezgo1;
			productName = ezgo1;
			productReference = 82C3C0E61FA846A200E64489 /* ezgo1.app */;
			productType = "com.apple.product-type.application";
		};
		82C3C0F91FA846A400E64489 /* ezgo1Tests */ = {
			isa = PBXNativeTarget;
			buildConfigurationList = 82C3C1111FA846A400E64489 /* Build configuration list for PBXNativeTarget "ezgo1Tests" */;
			buildPhases = (
				82C3C0F61FA846A400E64489 /* Sources */,
				82C3C0F71FA846A400E64489 /* Frameworks */,
				82C3C0F81FA846A400E64489 /* Resources */,
			);
			buildRules = (
			);
			dependencies = (
				82C3C0FC1FA846A400E64489 /* PBXTargetDependency */,
			);
			name = ezgo1Tests;
			productName = ezgo1Tests;
			productReference = 82C3C0FA1FA846A400E64489 /* ezgo1Tests.xctest */;
			productType = "com.apple.product-type.bundle.unit-test";
		};
		82C3C1041FA846A400E64489 /* ezgo1UITests */ = {
			isa = PBXNativeTarget;
			buildConfigurationList = 82C3C1141FA846A400E64489 /* Build configuration list for PBXNativeTarget "ezgo1UITests" */;
			buildPhases = (
				82C3C1011FA846A400E64489 /* Sources */,
				82C3C1021FA846A400E64489 /* Frameworks */,
				82C3C1031FA846A400E64489 /* Resources */,
			);
			buildRules = (
			);
			dependencies = (
				82C3C1071FA846A400E64489 /* PBXTargetDependency */,
			);
			name = ezgo1UITests;
			productName = ezgo1UITests;
			productReference = 82C3C1051FA846A400E64489 /* ezgo1UITests.xctest */;
			productType = "com.apple.product-type.bundle.ui-testing";
		};
/* End PBXNativeTarget section */

/* Begin PBXProject section */
		82C3C0DE1FA846A100E64489 /* Project object */ = {
			isa = PBXProject;
			attributes = {
				LastSwiftUpdateCheck = 0900;
				LastUpgradeCheck = 0900;
				ORGANIZATIONNAME = vickyliao;
				TargetAttributes = {
					82C3C0E51FA846A200E64489 = {
						CreatedOnToolsVersion = 9.0.1;
						ProvisioningStyle = Automatic;
					};
					82C3C0F91FA846A400E64489 = {
						CreatedOnToolsVersion = 9.0.1;
						ProvisioningStyle = Automatic;
						TestTargetID = 82C3C0E51FA846A200E64489;
					};
					82C3C1041FA846A400E64489 = {
						CreatedOnToolsVersion = 9.0.1;
						ProvisioningStyle = Automatic;
						TestTargetID = 82C3C0E51FA846A200E64489;
					};
				};
			};
			buildConfigurationList = 82C3C0E11FA846A200E64489 /* Build configuration list for PBXProject "ezgo1" */;
			compatibilityVersion = "Xcode 8.0";
			developmentRegion = en;
			hasScannedForEncodings = 0;
			knownRegions = (
				en,
				Base,
			);
			mainGroup = 82C3C0DD1FA846A100E64489;
			productRefGroup = 82C3C0E71FA846A200E64489 /* Products */;
			projectDirPath = "";
			projectRoot = "";
			targets = (
				82C3C0E51FA846A200E64489 /* ezgo1 */,
				82C3C0F91FA846A400E64489 /* ezgo1Tests */,
				82C3C1041FA846A400E64489 /* ezgo1UITests */,
			);
		};
/* End PBXProject section */

/* Begin PBXResourcesBuildPhase section */
		82C3C0E41FA846A200E64489 /* Resources */ = {
			isa = PBXResourcesBuildPhase;
			buildActionMask = 2147483647;
			files = (
				82C3C0F41FA846A300E64489 /* LaunchScreen.storyboard in Resources */,
				82C3C0F11FA846A300E64489 /* Assets.xcassets in Resources */,
				82C3C0EF1FA846A300E64489 /* Main.storyboard in Resources */,
			);
			runOnlyForDeploymentPostprocessing = 0;
		};
		82C3C0F81FA846A400E64489 /* Resources */ = {
			isa = PBXResourcesBuildPhase;
			buildActionMask = 2147483647;
			files = (
			);
			runOnlyForDeploymentPostprocessing = 0;
		};
		82C3C1031FA846A400E64489 /* Resources */ = {
			isa = PBXResourcesBuildPhase;
			buildActionMask = 2147483647;
			files = (
			);
			runOnlyForDeploymentPostprocessing = 0;
		};
/* End PBXResourcesBuildPhase section */

/* Begin PBXSourcesBuildPhase section */
		82C3C0E21FA846A200E64489 /* Sources */ = {
			isa = PBXSourcesBuildPhase;
			buildActionMask = 2147483647;
			files = (
				82C3C0EC1FA846A200E64489 /* ViewController.swift in Sources */,
				82C3C0EA1FA846A200E64489 /* AppDelegate.swift in Sources */,
			);
			runOnlyForDeploymentPostprocessing = 0;
		};
		82C3C0F61FA846A400E64489 /* Sources */ = {
			isa = PBXSourcesBuildPhase;
			buildActionMask = 2147483647;
			files = (
				82C3C0FF1FA846A400E64489 /* ezgo1Tests.swift in Sources */,
			);
			runOnlyForDeploymentPostprocessing = 0;
		};
		82C3C1011FA846A400E64489 /* Sources */ = {
			isa = PBXSourcesBuildPhase;
			buildActionMask = 2147483647;
			files = (
				82C3C10A1FA846A400E64489 /* ezgo1UITests.swift in Sources */,
			);
			runOnlyForDeploymentPostprocessing = 0;
		};
/* End PBXSourcesBuildPhase section */

/* Begin PBXTargetDependency section */
		82C3C0FC1FA846A400E64489 /* PBXTargetDependency */ = {
			isa = PBXTargetDependency;
			target = 82C3C0E51FA846A200E64489 /* ezgo1 */;
			targetProxy = 82C3C0FB1FA846A400E64489 /* PBXContainerItemProxy */;
		};
		82C3C1071FA846A400E64489 /* PBXTargetDependency */ = {
			isa = PBXTargetDependency;
			target = 82C3C0E51FA846A200E64489 /* ezgo1 */;
			targetProxy = 82C3C1061FA846A400E64489 /* PBXContainerItemProxy */;
		};
/* End PBXTargetDependency section */

/* Begin PBXVariantGroup section */
		82C3C0ED1FA846A300E64489 /* Main.storyboard */ = {
			isa = PBXVariantGroup;
			children = (
				82C3C0EE1FA846A300E64489 /* Base */,
			);
			name = Main.storyboard;
			sourceTree = "<group>";
		};
		82C3C0F21FA846A300E64489 /* LaunchScreen.storyboard */ = {
			isa = PBXVariantGroup;
			children = (
				82C3C0F31FA846A300E64489 /* Base */,
			);
			name = LaunchScreen.storyboard;
			sourceTree = "<group>";
		};
/* End PBXVariantGroup section */

/* Begin XCBuildConfiguration section */
		82C3C10C1FA846A400E64489 /* Debug */ = {
			isa = XCBuildConfiguration;
			buildSettings = {
				ALWAYS_SEARCH_USER_PATHS = NO;
				CLANG_ANALYZER_NONNULL = YES;
				CLANG_ANALYZER_NUMBER_OBJECT_CONVERSION = YES_AGGRESSIVE;
				CLANG_CXX_LANGUAGE_STANDARD = "gnu++14";
				CLANG_CXX_LIBRARY = "libc++";
				CLANG_ENABLE_MODULES = YES;
				CLANG_ENABLE_OBJC_ARC = YES;
				CLANG_WARN_BLOCK_CAPTURE_AUTORELEASING = YES;
				CLANG_WARN_BOOL_CONVERSION = YES;
				CLANG_WARN_COMMA = YES;
				CLANG_WARN_CONSTANT_CONVERSION = YES;
				CLANG_WARN_DIRECT_OBJC_ISA_USAGE = YES_ERROR;
				CLANG_WARN_DOCUMENTATION_COMMENTS = YES;
				CLANG_WARN_EMPTY_BODY = YES;
				CLANG_WARN_ENUM_CONVERSION = YES;
				CLANG_WARN_INFINITE_RECURSION = YES;
				CLANG_WARN_INT_CONVERSION = YES;
				CLANG_WARN_NON_LITERAL_NULL_CONVERSION = YES;
				CLANG_WARN_OBJC_LITERAL_CONVERSION = YES;
				CLANG_WARN_OBJC_ROOT_CLASS = YES_ERROR;
				CLANG_WARN_RANGE_LOOP_ANALYSIS = YES;
				CLANG_WARN_STRICT_PROTOTYPES = YES;
				CLANG_WARN_SUSPICIOUS_MOVE = YES;
				CLANG_WARN_UNGUARDED_AVAILABILITY = YES_AGGRESSIVE;
				CLANG_WARN_UNREACHABLE_CODE = YES;
				CLANG_WARN__DUPLICATE_METHOD_MATCH = YES;
				CODE_SIGN_IDENTITY = "iPhone Developer";
				COPY_PHASE_STRIP = NO;
				DEBUG_INFORMATION_FORMAT = dwarf;
				ENABLE_STRICT_OBJC_MSGSEND = YES;
				ENABLE_TESTABILITY = YES;
				GCC_C_LANGUAGE_STANDARD = gnu11;
				GCC_DYNAMIC_NO_PIC = NO;
				GCC_NO_COMMON_BLOCKS = YES;
				GCC_OPTIMIZATION_LEVEL = 0;
				GCC_PREPROCESSOR_DEFINITIONS = (
					"DEBUG=1",
					"$(inherited)",
				);
				GCC_WARN_64_TO_32_BIT_CONVERSION = YES;
				GCC_WARN_ABOUT_RETURN_TYPE = YES_ERROR;
				GCC_WARN_UNDECLARED_SELECTOR = YES;
				GCC_WARN_UNINITIALIZED_AUTOS = YES_AGGRESSIVE;
				GCC_WARN_UNUSED_FUNCTION = YES;
				GCC_WARN_UNUSED_VARIABLE = YES;
				IPHONEOS_DEPLOYMENT_TARGET = 11.0;
				MTL_ENABLE_DEBUG_INFO = YES;
				ONLY_ACTIVE_ARCH = YES;
				SDKROOT = iphoneos;
				SWIFT_ACTIVE_COMPILATION_CONDITIONS = DEBUG;
				SWIFT_OPTIMIZATION_LEVEL = "-Onone";
			};
			name = Debug;
		};
		82C3C10D1FA846A400E64489 /* Release */ = {
			isa = XCBuildConfiguration;
			buildSettings = {
				ALWAYS_SEARCH_USER_PATHS = NO;
				CLANG_ANALYZER_NONNULL = YES;
				CLANG_ANALYZER_NUMBER_OBJECT_CONVERSION = YES_AGGRESSIVE;
				CLANG_CXX_LANGUAGE_STANDARD = "gnu++14";
				CLANG_CXX_LIBRARY = "libc++";
				CLANG_ENABLE_MODULES = YES;
				CLANG_ENABLE_OBJC_ARC = YES;
				CLANG_WARN_BLOCK_CAPTURE_AUTORELEASING = YES;
				CLANG_WARN_BOOL_CONVERSION = YES;
				CLANG_WARN_COMMA = YES;
				CLANG_WARN_CONSTANT_CONVERSION = YES;
				CLANG_WARN_DIRECT_OBJC_ISA_USAGE = YES_ERROR;
				CLANG_WARN_DOCUMENTATION_COMMENTS = YES;
				CLANG_WARN_EMPTY_BODY = YES;
				CLANG_WARN_ENUM_CONVERSION = YES;
				CLANG_WARN_INFINITE_RECURSION = YES;
				CLANG_WARN_INT_CONVERSION = YES;
				CLANG_WARN_NON_LITERAL_NULL_CONVERSION = YES;
				CLANG_WARN_OBJC_LITERAL_CONVERSION = YES;
				CLANG_WARN_OBJC_ROOT_CLASS = YES_ERROR;
				CLANG_WARN_RANGE_LOOP_ANALYSIS = YES;
				CLANG_WARN_STRICT_PROTOTYPES = YES;
				CLANG_WARN_SUSPICIOUS_MOVE = YES;
				CLANG_WARN_UNGUARDED_AVAILABILITY = YES_AGGRESSIVE;
				CLANG_WARN_UNREACHABLE_CODE = YES;
				CLANG_WARN__DUPLICATE_METHOD_MATCH = YES;
				CODE_SIGN_IDENTITY = "iPhone Developer";
				COPY_PHASE_STRIP = NO;
				DEBUG_INFORMATION_FORMAT = "dwarf-with-dsym";
				ENABLE_NS_ASSERTIONS = NO;
				ENABLE_STRICT_OBJC_MSGSEND = YES;
				GCC_C_LANGUAGE_STANDARD = gnu11;
				GCC_NO_COMMON_BLOCKS = YES;
				GCC_WARN_64_TO_32_BIT_CONVERSION = YES;
				GCC_WARN_ABOUT_RETURN_TYPE = YES_ERROR;
				GCC_WARN_UNDECLARED_SELECTOR = YES;
				GCC_WARN_UNINITIALIZED_AUTOS = YES_AGGRESSIVE;
				GCC_WARN_UNUSED_FUNCTION = YES;
				GCC_WARN_UNUSED_VARIABLE = YES;
				IPHONEOS_DEPLOYMENT_TARGET = 11.0;
				MTL_ENABLE_DEBUG_INFO = NO;
				SDKROOT = iphoneos;
				SWIFT_OPTIMIZATION_LEVEL = "-Owholemodule";
				VALIDATE_PRODUCT = YES;
			};
			name = Release;
		};
		82C3C10F1FA846A400E64489 /* Debug */ = {
			isa = XCBuildConfiguration;
			buildSettings = {
				ASSETCATALOG_COMPILER_APPICON_NAME = AppIcon;
				CODE_SIGN_STYLE = Automatic;
				INFOPLIST_FILE = ezgo1/Info.plist;
				LD_RUNPATH_SEARCH_PATHS = "$(inherited) @executable_path/Frameworks";
				PRODUCT_BUNDLE_IDENTIFIER = case.ezgo1;
				PRODUCT_NAME = "$(TARGET_NAME)";
				SWIFT_VERSION = 4.0;
				TARGETED_DEVICE_FAMILY = "1,2";
			};
			name = Debug;
		};
		82C3C1101FA846A400E64489 /* Release */ = {
			isa = XCBuildConfiguration;
			buildSettings = {
				ASSETCATALOG_COMPILER_APPICON_NAME = AppIcon;
				CODE_SIGN_STYLE = Automatic;
				INFOPLIST_FILE = ezgo1/Info.plist;
				LD_RUNPATH_SEARCH_PATHS = "$(inherited) @executable_path/Frameworks";
				PRODUCT_BUNDLE_IDENTIFIER = case.ezgo1;
				PRODUCT_NAME = "$(TARGET_NAME)";
				SWIFT_VERSION = 4.0;
				TARGETED_DEVICE_FAMILY = "1,2";
			};
			name = Release;
		};
		82C3C1121FA846A400E64489 /* Debug */ = {
			isa = XCBuildConfiguration;
			buildSettings = {
				ALWAYS_EMBED_SWIFT_STANDARD_LIBRARIES = YES;
				BUNDLE_LOADER = "$(TEST_HOST)";
				CODE_SIGN_STYLE = Automatic;
				INFOPLIST_FILE = ezgo1Tests/Info.plist;
				LD_RUNPATH_SEARCH_PATHS = "$(inherited) @executable_path/Frameworks @loader_path/Frameworks";
				PRODUCT_BUNDLE_IDENTIFIER = case.ezgo1Tests;
				PRODUCT_NAME = "$(TARGET_NAME)";
				SWIFT_VERSION = 4.0;
				TARGETED_DEVICE_FAMILY = "1,2";
				TEST_HOST = "$(BUILT_PRODUCTS_DIR)/ezgo1.app/ezgo1";
			};
			name = Debug;
		};
		82C3C1131FA846A400E64489 /* Release */ = {
			isa = XCBuildConfiguration;
			buildSettings = {
				ALWAYS_EMBED_SWIFT_STANDARD_LIBRARIES = YES;
				BUNDLE_LOADER = "$(TEST_HOST)";
				CODE_SIGN_STYLE = Automatic;
				INFOPLIST_FILE = ezgo1Tests/Info.plist;
				LD_RUNPATH_SEARCH_PATHS = "$(inherited) @executable_path/Frameworks @loader_path/Frameworks";
				PRODUCT_BUNDLE_IDENTIFIER = case.ezgo1Tests;
				PRODUCT_NAME = "$(TARGET_NAME)";
				SWIFT_VERSION = 4.0;
				TARGETED_DEVICE_FAMILY = "1,2";
				TEST_HOST = "$(BUILT_PRODUCTS_DIR)/ezgo1.app/ezgo1";
			};
			name = Release;
		};
		82C3C1151FA846A400E64489 /* Debug */ = {
			isa = XCBuildConfiguration;
			buildSettings = {
				ALWAYS_EMBED_SWIFT_STANDARD_LIBRARIES = YES;
				CODE_SIGN_STYLE = Automatic;
				INFOPLIST_FILE = ezgo1UITests/Info.plist;
				LD_RUNPATH_SEARCH_PATHS = "$(inherited) @executable_path/Frameworks @loader_path/Frameworks";
				PRODUCT_BUNDLE_IDENTIFIER = case.ezgo1UITests;
				PRODUCT_NAME = "$(TARGET_NAME)";
				SWIFT_VERSION = 4.0;
				TARGETED_DEVICE_FAMILY = "1,2";
				TEST_TARGET_NAME = ezgo1;
			};
			name = Debug;
		};
		82C3C1161FA846A400E64489 /* Release */ = {
			isa = XCBuildConfiguration;
			buildSettings = {
				ALWAYS_EMBED_SWIFT_STANDARD_LIBRARIES = YES;
				CODE_SIGN_STYLE = Automatic;
				INFOPLIST_FILE = ezgo1UITests/Info.plist;
				LD_RUNPATH_SEARCH_PATHS = "$(inherited) @executable_path/Frameworks @loader_path/Frameworks";
				PRODUCT_BUNDLE_IDENTIFIER = case.ezgo1UITests;
				PRODUCT_NAME = "$(TARGET_NAME)";
				SWIFT_VERSION = 4.0;
				TARGETED_DEVICE_FAMILY = "1,2";
				TEST_TARGET_NAME = ezgo1;
			};
			name = Release;
		};
/* End XCBuildConfiguration section */

/* Begin XCConfigurationList section */
		82C3C0E11FA846A200E64489 /* Build configuration list for PBXProject "ezgo1" */ = {
			isa = XCConfigurationList;
			buildConfigurations = (
				82C3C10C1FA846A400E64489 /* Debug */,
				82C3C10D1FA846A400E64489 /* Release */,
			);
			defaultConfigurationIsVisible = 0;
			defaultConfigurationName = Release;
		};
		82C3C10E1FA846A400E64489 /* Build configuration list for PBXNativeTarget "ezgo1" */ = {
			isa = XCConfigurationList;
			buildConfigurations = (
				82C3C10F1FA846A400E64489 /* Debug */,
				82C3C1101FA846A400E64489 /* Release */,
			);
			defaultConfigurationIsVisible = 0;
			defaultConfigurationName = Release;
		};
		82C3C1111FA846A400E64489 /* Build configuration list for PBXNativeTarget "ezgo1Tests" */ = {
			isa = XCConfigurationList;
			buildConfigurations = (
				82C3C1121FA846A400E64489 /* Debug */,
				82C3C1131FA846A400E64489 /* Release */,
			);
			defaultConfigurationIsVisible = 0;
			defaultConfigurationName = Release;
		};
		82C3C1141FA846A400E64489 /* Build configuration list for PBXNativeTarget "ezgo1UITests" */ = {
			isa = XCConfigurationList;
			buildConfigurations = (
				82C3C1151FA846A400E64489 /* Debug */,
				82C3C1161FA846A400E64489 /* Release */,
			);
			defaultConfigurationIsVisible = 0;
			defaultConfigurationName = Release;
		};
/* End XCConfigurationList section */
	};
	rootObject = 82C3C0DE1FA846A100E64489 /* Project object */;
}
